# THIS IS AN AUTOGENERATED FILE. DO NOT EDIT THIS FILE DIRECTLY.
# yarn lockfile v1


"cli-color@~0.1.6":
  "integrity" "sha1-rcMgD6RxzCEbDaf1ZrcemLnWc0c="
  "resolved" "https://registry.npmjs.org/cli-color/-/cli-color-0.1.7.tgz"
  "version" "0.1.7"
  dependencies:
    "es5-ext" "0.8.x"

"coffee-script@^1.12.7":
  "integrity" "sha512-fLeEhqwymYat/MpTPUjSKHVYYl0ec2mOyALEMLmzr5i1isuG+6jfI2j2d5oBO3VIzgUXgBVIcOT9uH1TFxBckw=="
  "resolved" "https://registry.npmjs.org/coffee-script/-/coffee-script-1.12.7.tgz"
  "version" "1.12.7"

"commander@0.6.1":
  "integrity" "sha1-+mihT2qUXVTbvlDYzbMyDp47GgY="
  "resolved" "http://registry.npmjs.org/commander/-/commander-0.6.1.tgz"
  "version" "0.6.1"

"debug@*":
  "integrity" "sha512-K23FHJ/Mt404FSlp6gSZCevIbTMLX0j3fmHhUEhQ3Wq0FMODW3+cUSoLdy1Gx4polAf4t/lphhmHH35BB8cLYw=="
  "resolved" "https://registry.npmjs.org/debug/-/debug-4.0.1.tgz"
  "version" "4.0.1"
  dependencies:
    "ms" "^2.1.1"

"diff@1.0.2":
  "integrity" "sha1-Suc/Gu6Nb89ITxoc53zmUdm38Mk="
  "resolved" "https://registry.npmjs.org/diff/-/diff-1.0.2.tgz"
  "version" "1.0.2"

"difflib@~0.2.1":
  "integrity" "sha1-teMDYabbAjF21WKJLbhZQKcY9H4="
  "resolved" "https://registry.npmjs.org/difflib/-/difflib-0.2.4.tgz"
  "version" "0.2.4"
  dependencies:
    "heap" ">= 0.2.0"

"dreamopt@~0.6.0":
  "integrity" "sha1-2BPM2sjTnYrVJndVFKE92mZNa0s="
  "resolved" "https://registry.npmjs.org/dreamopt/-/dreamopt-0.6.0.tgz"
  "version" "0.6.0"
  dependencies:
    "wordwrap" ">=0.0.2"

"es5-ext@0.8.x":
  "integrity" "sha1-q6jZ4ZQ6iVrJaDemKjmz9V7NlKs="
  "resolved" "https://registry.npmjs.org/es5-ext/-/es5-ext-0.8.2.tgz"
  "version" "0.8.2"

"growl@1.6.x":
  "integrity" "sha1-xNm7ro+aVyKV2gYrA81z4e8uFLI="
  "resolved" "https://registry.npmjs.org/growl/-/growl-1.6.1.tgz"
  "version" "1.6.1"

"heap@>= 0.2.0":
  "integrity" "sha1-CH4fELBGky/IWU3Z5tN4r8nR5aw="
  "resolved" "https://registry.npmjs.org/heap/-/heap-0.2.6.tgz"
  "version" "0.2.6"

"jade@0.26.3":
  "integrity" "sha1-jxDXl32NefL2/4YqgbBRPMslaGw="
  "resolved" "https://registry.npmjs.org/jade/-/jade-0.26.3.tgz"
  "version" "0.26.3"
  dependencies:
    "commander" "0.6.1"
    "mkdirp" "0.3.0"

"mkdirp@0.3.0":
  "integrity" "sha1-G79asbqCevI1dRQ0kEJkVfSB/h4="
  "resolved" "http://registry.npmjs.org/mkdirp/-/mkdirp-0.3.0.tgz"
  "version" "0.3.0"

"mkdirp@0.3.3":
  "integrity" "sha1-WV4lHBNww6aLqyE20ONIuBBa3xM="
  "resolved" "http://registry.npmjs.org/mkdirp/-/mkdirp-0.3.3.tgz"
  "version" "0.3.3"

"mocha@~1.7.0":
  "integrity" "sha1-WEIOiSO0TcVUggGyHFLrqNT/MM0="
  "resolved" "http://registry.npmjs.org/mocha/-/mocha-1.7.4.tgz"
  "version" "1.7.4"
  dependencies:
    "commander" "0.6.1"
    "debug" "*"
    "diff" "1.0.2"
    "growl" "1.6.x"
    "jade" "0.26.3"
    "mkdirp" "0.3.3"
    "ms" "0.3.0"

"ms@^2.1.1":
  "integrity" "sha512-tgp+dl5cGk28utYktBsrFqA7HKgrhgPsg6Z/EfhWI4gl1Hwq8B/GmY/0oXZ6nF8hDVesS/FpnYaD/kOWhYQvyg=="
  "resolved" "https://registry.npmjs.org/ms/-/ms-2.1.1.tgz"
  "version" "2.1.1"

"ms@0.3.0":
  "integrity" "sha1-A+3DSNYT5mpWSGz9rFO8vomcvWE="
  "resolved" "https://registry.npmjs.org/ms/-/ms-0.3.0.tgz"
  "version" "0.3.0"

"wordwrap@>=0.0.2":
  "integrity" "sha1-J1hIEIkUVqQXHI0CJkQa3pDLyus="
  "resolved" "https://registry.npmjs.org/wordwrap/-/wordwrap-1.0.0.tgz"
  "version" "1.0.0"
