# THIS IS AN AUTOGENERATED FILE. DO NOT EDIT THIS FILE DIRECTLY.
# yarn lockfile v1


cli-color@~0.1.6:
  version "0.1.7"
  resolved "https://registry.yarnpkg.com/cli-color/-/cli-color-0.1.7.tgz#adc3200fa471cc211b0da7f566b71e98b9d67347"
  dependencies:
    es5-ext "0.8.x"

coffee-script@^1.12.7:
  version "1.12.7"
  resolved "https://registry.yarnpkg.com/coffee-script/-/coffee-script-1.12.7.tgz#c05dae0cb79591d05b3070a8433a98c9a89ccc53"

commander@0.6.1:
  version "0.6.1"
  resolved "https://registry.yarnpkg.com/commander/-/commander-0.6.1.tgz#fa68a14f6a945d54dbbe50d8cdb3320e9e3b1a06"

debug@*:
  version "3.0.0"
  resolved "https://registry.yarnpkg.com/debug/-/debug-3.0.0.tgz#1d2feae53349047b08b264ec41906ba17a8516e4"
  dependencies:
    ms "2.0.0"

diff@1.0.2:
  version "1.0.2"
  resolved "https://registry.yarnpkg.com/diff/-/diff-1.0.2.tgz#4ae73f1aee8d6fcf484f1a1ce77ce651d9b7f0c9"

difflib@~0.2.1:
  version "0.2.4"
  resolved "https://registry.yarnpkg.com/difflib/-/difflib-0.2.4.tgz#b5e30361a6db023176d562892db85940a718f47e"
  dependencies:
    heap ">= 0.2.0"

dreamopt@~0.6.0:
  version "0.6.0"
  resolved "https://registry.yarnpkg.com/dreamopt/-/dreamopt-0.6.0.tgz#d813ccdac8d39d8ad526775514a13dda664d6b4b"
  dependencies:
    wordwrap ">=0.0.2"

es5-ext@0.8.x:
  version "0.8.2"
  resolved "https://registry.yarnpkg.com/es5-ext/-/es5-ext-0.8.2.tgz#aba8d9e1943a895ac96837a62a39b3f55ecd94ab"

growl@1.6.x:
  version "1.6.1"
  resolved "https://registry.yarnpkg.com/growl/-/growl-1.6.1.tgz#c4d9bbae8f9a572295da062b03cd73e1ef2e14b2"

"heap@>= 0.2.0":
  version "0.2.6"
  resolved "https://registry.yarnpkg.com/heap/-/heap-0.2.6.tgz#087e1f10b046932fc8594dd9e6d378afc9d1e5ac"

jade@0.26.3:
  version "0.26.3"
  resolved "https://registry.yarnpkg.com/jade/-/jade-0.26.3.tgz#8f10d7977d8d79f2f6ff862a81b0513ccb25686c"
  dependencies:
    commander "0.6.1"
    mkdirp "0.3.0"

mkdirp@0.3.0:
  version "0.3.0"
  resolved "https://registry.yarnpkg.com/mkdirp/-/mkdirp-0.3.0.tgz#1bbf5ab1ba827af23575143490426455f481fe1e"

mkdirp@0.3.3:
  version "0.3.3"
  resolved "https://registry.yarnpkg.com/mkdirp/-/mkdirp-0.3.3.tgz#595e251c1370c3a68bab2136d0e348b8105adf13"

mocha@~1.7.0:
  version "1.7.4"
  resolved "https://registry.yarnpkg.com/mocha/-/mocha-1.7.4.tgz#58420e8923b44dc5548201b21c52eba8d4ff30cd"
  dependencies:
    commander "0.6.1"
    debug "*"
    diff "1.0.2"
    growl "1.6.x"
    jade "0.26.3"
    mkdirp "0.3.3"
    ms "0.3.0"

ms@0.3.0:
  version "0.3.0"
  resolved "https://registry.yarnpkg.com/ms/-/ms-0.3.0.tgz#03edc348d613e66a56486cfdac53bcbe899cbd61"

ms@2.0.0:
  version "2.0.0"
  resolved "https://registry.yarnpkg.com/ms/-/ms-2.0.0.tgz#5608aeadfc00be6c2901df5f9861788de0d597c8"

wordwrap@>=0.0.2:
  version "1.0.0"
  resolved "https://registry.yarnpkg.com/wordwrap/-/wordwrap-1.0.0.tgz#27584810891456a4171c8d0226441ade90cbcaeb"
